{
  "originHash" : "53d1e272a0176353bf73fc88d430deecfe9d025b103e0413bebc2a4153a71fd5",
  "pins" : [
    {
      "identity" : "phonenumberkit",
      "kind" : "remoteSourceControl",
      "location" : "https://github.com/marmelroy/PhoneNumberKit.git",
      "state" : {
        "revision" : "c107075aa8d394be7aced273a46e944afe8b321b",
        "version" : "3.8.0"
      }
    },
    {
      "identity" : "playbook-swift",
      "kind" : "remoteSourceControl",
      "location" : "https://github.com/powerhome/playbook-swift.git",
      "state" : {
        "revision" : "276f75f693213a292d390cd617b812a1c217db59",
        "version" : "6.1.0"
      }
    },
    {
      "identity" : "power-fonts",
      "kind" : "remoteSourceControl",
      "location" : "git@github.com:powerhome/power-fonts.git",
      "state" : {
        "revision" : "5e79e53cce76378277ce4c9778dfac56daed9e9d",
        "version" : "0.0.2"
      }
    }
  ],
  "version" : 3
}
